
Microsoft Visual Studio Solution File, Format Version 12.00
Project("{FAE04EC0-301F-11D3-BF4B-00C04F79EFBC}") = "Ramboe.MinimalApis", "Ramboe.MinimalApis\Ramboe.MinimalApis.csproj", "{80CBC9F4-FCE2-48F0-B5B2-AE52F3CCB058}"
EndProject
Project("{FAE04EC0-301F-11D3-BF4B-00C04F79EFBC}") = "Ramboe.MinimalApis.Testing", "Ramboe.MinimalApis.Testing\Ramboe.MinimalApis.Testing.csproj", "{F6CC81B3-9AB4-49DB-A1CD-41491AD0691B}"
EndProject
Global
	GlobalSection(SolutionConfigurationPlatforms) = preSolution
		Debug|Any CPU = Debug|Any CPU
		Release|Any CPU = Release|Any CPU
	EndGlobalSection
	GlobalSection(ProjectConfigurationPlatforms) = postSolution
		{80CBC9F4-FCE2-48F0-B5B2-AE52F3CCB058}.Debug|Any CPU.ActiveCfg = Debug|Any CPU
		{80CBC9F4-FCE2-48F0-B5B2-AE52F3CCB058}.Debug|Any CPU.Build.0 = Debug|Any CPU
		{80CBC9F4-FCE2-48F0-B5B2-AE52F3CCB058}.Release|Any CPU.ActiveCfg = Release|Any CPU
		{80CBC9F4-FCE2-48F0-B5B2-AE52F3CCB058}.Release|Any CPU.Build.0 = Release|Any CPU
		{F6CC81B3-9AB4-49DB-A1CD-41491AD0691B}.Debug|Any CPU.ActiveCfg = Debug|Any CPU
		{F6CC81B3-9AB4-49DB-A1CD-41491AD0691B}.Debug|Any CPU.Build.0 = Debug|Any CPU
		{F6CC81B3-9AB4-49DB-A1CD-41491AD0691B}.Release|Any CPU.ActiveCfg = Release|Any CPU
		{F6CC81B3-9AB4-49DB-A1CD-41491AD0691B}.Release|Any CPU.Build.0 = Release|Any CPU
	EndGlobalSection
EndGlobal
